
Microsoft Visual Studio Solution File, Format Version 12.00
# Visual Studio Version 17
VisualStudioVersion = 17.7.34031.279
MinimumVisualStudioVersion = 10.0.40219.1
Project("{FAE04EC0-301F-11D3-BF4B-00C04F79EFBC}") = "Starting-Project", "Starting-Project\Starting-Project.csproj", "{80480410-03DF-44BC-909A-94E98F7DF0CA}"
EndProject
Global
	GlobalSection(SolutionConfigurationPlatforms) = preSolution
		Debug|Any CPU = Debug|Any CPU
		Release|Any CPU = Release|Any CPU
	EndGlobalSection
	GlobalSection(ProjectConfigurationPlatforms) = postSolution
		{80480410-03DF-44BC-909A-94E98F7DF0CA}.Debug|Any CPU.ActiveCfg = Debug|Any CPU
		{80480410-03DF-44BC-909A-94E98F7DF0CA}.Debug|Any CPU.Build.0 = Debug|Any CPU
		{80480410-03DF-44BC-909A-94E98F7DF0CA}.Release|Any CPU.ActiveCfg = Release|Any CPU
		{80480410-03DF-44BC-909A-94E98F7DF0CA}.Release|Any CPU.Build.0 = Release|Any CPU
	EndGlobalSection
	GlobalSection(SolutionProperties) = preSolution
		HideSolutionNode = FALSE
	EndGlobalSection
	GlobalSection(ExtensibilityGlobals) = postSolution
		SolutionGuid = {403D7783-01AE-4503-80E9-B1605DA1A3B8}
	EndGlobalSection
EndGlobal
